
Microsoft Visual Studio Solution File, Format Version 12.00
# Visual Studio Version 17
VisualStudioVersion = 17.6.33829.357
MinimumVisualStudioVersion = 10.0.40219.1
Project("{FAE04EC0-301F-11D3-BF4B-00C04F79EFBC}") = "QuizApiJWT", "QuizApiJWT\QuizApiJWT.csproj", "{6FE15740-157D-4C72-BC39-054BA25CE655}"
EndProject
Global
	GlobalSection(SolutionConfigurationPlatforms) = preSolution
		Debug|Any CPU = Debug|Any CPU
		Release|Any CPU = Release|Any CPU
	EndGlobalSection
	GlobalSection(ProjectConfigurationPlatforms) = postSolution
		{6FE15740-157D-4C72-BC39-054BA25CE655}.Debug|Any CPU.ActiveCfg = Debug|Any CPU
		{6FE15740-157D-4C72-BC39-054BA25CE655}.Debug|Any CPU.Build.0 = Debug|Any CPU
		{6FE15740-157D-4C72-BC39-054BA25CE655}.Release|Any CPU.ActiveCfg = Release|Any CPU
		{6FE15740-157D-4C72-BC39-054BA25CE655}.Release|Any CPU.Build.0 = Release|Any CPU
	EndGlobalSection
	GlobalSection(SolutionProperties) = preSolution
		HideSolutionNode = FALSE
	EndGlobalSection
	GlobalSection(ExtensibilityGlobals) = postSolution
		SolutionGuid = {388663F2-525C-4C5F-876C-37EC786E413B}
	EndGlobalSection
EndGlobal
